
Microsoft Visual Studio Solution File, Format Version 12.00
# Visual Studio Version 16
VisualStudioVersion = 16.0.30717.126
MinimumVisualStudioVersion = 10.0.40219.1
Project("{2150E333-8FDC-42A3-9474-1A3956D46DE8}") = "1.Host", "1.Host", "{6DE932C3-7E31-4246-BCED-DB5B903AF60C}"
EndProject
Project("{2150E333-8FDC-42A3-9474-1A3956D46DE8}") = "2.Application", "2.Application", "{06B49948-7D2E-4ACF-A2F7-CB4708CAD48B}"
EndProject
Project("{2150E333-8FDC-42A3-9474-1A3956D46DE8}") = "3.Tests", "3.Tests", "{F5ADFA00-FDCE-4138-9DFD-7E9DEBAD6B0C}"
EndProject
Project("{9A19103F-16F7-4668-BE54-9A1E7A4F7556}") = "TaxaJurosDocker.Api", "TaxaJurosDocker.Api\TaxaJurosDocker.Api.csproj", "{94A07FD1-F082-4162-B4F6-238E25D84EE7}"
EndProject
Project("{9A19103F-16F7-4668-BE54-9A1E7A4F7556}") = "TaxaJurosDocker.ResourcesApi", "TaxaJurosDocker.ResourcesApi\TaxaJurosDocker.ResourcesApi.csproj", "{45EE2770-36FE-4AFF-8653-BF746B27A45F}"
EndProject
Project("{E53339B2-1760-4266-BCC7-CA923CBCF16C}") = "docker-compose", "docker-compose.dcproj", "{1291B2B5-DF7D-4F4B-8E77-A755AB6CDBE0}"
EndProject
Project("{9A19103F-16F7-4668-BE54-9A1E7A4F7556}") = "TaxaJurosDocker.BaseApi", "TaxaJurosDocker.BaseApi\TaxaJurosDocker.BaseApi.csproj", "{724D206F-3717-4D44-92C6-E70120CF8317}"
EndProject
Project("{9A19103F-16F7-4668-BE54-9A1E7A4F7556}") = "TaxaJurosDocker.Application", "..\TaxaJurosDocker.Application\TaxaJurosDocker.Application.csproj", "{1E5EA6A8-A55D-4800-A74C-ABEB40BD233F}"
EndProject
Project("{2150E333-8FDC-42A3-9474-1A3956D46DE8}") = "4.SolutionHelpers", "4.SolutionHelpers", "{6C34A973-E11E-4623-A682-B755A6FEC3BA}"
EndProject
Project("{9A19103F-16F7-4668-BE54-9A1E7A4F7556}") = "TaxaJurosDocker.Helpers", "..\TaxaJurosDocker.Helpers\TaxaJurosDocker.Helpers.csproj", "{7C70066B-A51C-4639-A855-39C500CF156C}"
EndProject
Project("{9A19103F-16F7-4668-BE54-9A1E7A4F7556}") = "TaxaJurosDocker.DependencyInjection", "..\TaxaJurosDocker.DependencyInjection\TaxaJurosDocker.DependencyInjection.csproj", "{9961CB03-6E4B-437B-B6FD-F37CF34F949D}"
EndProject
Global
	GlobalSection(SolutionConfigurationPlatforms) = preSolution
		Debug|Any CPU = Debug|Any CPU
		Release|Any CPU = Release|Any CPU
	EndGlobalSection
	GlobalSection(ProjectConfigurationPlatforms) = postSolution
		{94A07FD1-F082-4162-B4F6-238E25D84EE7}.Debug|Any CPU.ActiveCfg = Debug|Any CPU
		{94A07FD1-F082-4162-B4F6-238E25D84EE7}.Debug|Any CPU.Build.0 = Debug|Any CPU
		{94A07FD1-F082-4162-B4F6-238E25D84EE7}.Release|Any CPU.ActiveCfg = Release|Any CPU
		{94A07FD1-F082-4162-B4F6-238E25D84EE7}.Release|Any CPU.Build.0 = Release|Any CPU
		{45EE2770-36FE-4AFF-8653-BF746B27A45F}.Debug|Any CPU.ActiveCfg = Debug|Any CPU
		{45EE2770-36FE-4AFF-8653-BF746B27A45F}.Debug|Any CPU.Build.0 = Debug|Any CPU
		{45EE2770-36FE-4AFF-8653-BF746B27A45F}.Release|Any CPU.ActiveCfg = Release|Any CPU
		{45EE2770-36FE-4AFF-8653-BF746B27A45F}.Release|Any CPU.Build.0 = Release|Any CPU
		{1291B2B5-DF7D-4F4B-8E77-A755AB6CDBE0}.Debug|Any CPU.ActiveCfg = Debug|Any CPU
		{1291B2B5-DF7D-4F4B-8E77-A755AB6CDBE0}.Debug|Any CPU.Build.0 = Debug|Any CPU
		{1291B2B5-DF7D-4F4B-8E77-A755AB6CDBE0}.Release|Any CPU.ActiveCfg = Release|Any CPU
		{1291B2B5-DF7D-4F4B-8E77-A755AB6CDBE0}.Release|Any CPU.Build.0 = Release|Any CPU
		{724D206F-3717-4D44-92C6-E70120CF8317}.Debug|Any CPU.ActiveCfg = Debug|Any CPU
		{724D206F-3717-4D44-92C6-E70120CF8317}.Debug|Any CPU.Build.0 = Debug|Any CPU
		{724D206F-3717-4D44-92C6-E70120CF8317}.Release|Any CPU.ActiveCfg = Release|Any CPU
		{724D206F-3717-4D44-92C6-E70120CF8317}.Release|Any CPU.Build.0 = Release|Any CPU
		{1E5EA6A8-A55D-4800-A74C-ABEB40BD233F}.Debug|Any CPU.ActiveCfg = Debug|Any CPU
		{1E5EA6A8-A55D-4800-A74C-ABEB40BD233F}.Debug|Any CPU.Build.0 = Debug|Any CPU
		{1E5EA6A8-A55D-4800-A74C-ABEB40BD233F}.Release|Any CPU.ActiveCfg = Release|Any CPU
		{1E5EA6A8-A55D-4800-A74C-ABEB40BD233F}.Release|Any CPU.Build.0 = Release|Any CPU
		{7C70066B-A51C-4639-A855-39C500CF156C}.Debug|Any CPU.ActiveCfg = Debug|Any CPU
		{7C70066B-A51C-4639-A855-39C500CF156C}.Debug|Any CPU.Build.0 = Debug|Any CPU
		{7C70066B-A51C-4639-A855-39C500CF156C}.Release|Any CPU.ActiveCfg = Release|Any CPU
		{7C70066B-A51C-4639-A855-39C500CF156C}.Release|Any CPU.Build.0 = Release|Any CPU
		{9961CB03-6E4B-437B-B6FD-F37CF34F949D}.Debug|Any CPU.ActiveCfg = Debug|Any CPU
		{9961CB03-6E4B-437B-B6FD-F37CF34F949D}.Debug|Any CPU.Build.0 = Debug|Any CPU
		{9961CB03-6E4B-437B-B6FD-F37CF34F949D}.Release|Any CPU.ActiveCfg = Release|Any CPU
		{9961CB03-6E4B-437B-B6FD-F37CF34F949D}.Release|Any CPU.Build.0 = Release|Any CPU
	EndGlobalSection
	GlobalSection(SolutionProperties) = preSolution
		HideSolutionNode = FALSE
	EndGlobalSection
	GlobalSection(NestedProjects) = preSolution
		{94A07FD1-F082-4162-B4F6-238E25D84EE7} = {6DE932C3-7E31-4246-BCED-DB5B903AF60C}
		{45EE2770-36FE-4AFF-8653-BF746B27A45F} = {6DE932C3-7E31-4246-BCED-DB5B903AF60C}
		{724D206F-3717-4D44-92C6-E70120CF8317} = {6DE932C3-7E31-4246-BCED-DB5B903AF60C}
		{1E5EA6A8-A55D-4800-A74C-ABEB40BD233F} = {06B49948-7D2E-4ACF-A2F7-CB4708CAD48B}
		{7C70066B-A51C-4639-A855-39C500CF156C} = {6C34A973-E11E-4623-A682-B755A6FEC3BA}
		{9961CB03-6E4B-437B-B6FD-F37CF34F949D} = {6C34A973-E11E-4623-A682-B755A6FEC3BA}
	EndGlobalSection
	GlobalSection(ExtensibilityGlobals) = postSolution
		SolutionGuid = {D52DC7E6-3FB4-4662-A1BA-7C87BFFB50BB}
	EndGlobalSection
EndGlobal
